
Microsoft Visual Studio Solution File, Format Version 12.00
# Visual Studio Version 17
VisualStudioVersion = 17.0.32112.339
MinimumVisualStudioVersion = 10.0.40219.1
Project("{9A19103F-16F7-4668-BE54-9A1E7A4F7556}") = "NETCore.DBClient", "NETCore.DBClient\NETCore.DBClient.csproj", "{F2A1103F-5375-4386-82C1-0A92BECF5963}"
EndProject
Project("{9A19103F-16F7-4668-BE54-9A1E7A4F7556}") = "NETCore.DBClient.Interfaces", "NETCore.DBClient.Interfaces\NETCore.DBClient.Interfaces.csproj", "{E7B14B9A-1D1B-44D0-871C-0082B862B7DF}"
EndProject
Project("{9A19103F-16F7-4668-BE54-9A1E7A4F7556}") = "NETCore.DBClient.Tests", "NETCore.DBClient.Tests\NETCore.DBClient.Tests.csproj", "{B2F79316-989C-4D91-9AFB-607794CC7202}"
EndProject
Project("{2150E333-8FDC-42A3-9474-1A3956D46DE8}") = "Solution Items", "Solution Items", "{9FBE9633-1F64-45C2-BF32-95AA3AC7D759}"
	ProjectSection(SolutionItems) = preProject
		README.md = README.md
	EndProjectSection
EndProject
Project("{FAE04EC0-301F-11D3-BF4B-00C04F79EFBC}") = "NETCore.DBClient.PostgreSQLTest", "NETCore.DBClient.PostgreSQLTest\NETCore.DBClient.PostgreSQLTest.csproj", "{2C6D2BEB-69F5-45A3-B504-68C1D1ADA5AE}"
EndProject
Global
	GlobalSection(SolutionConfigurationPlatforms) = preSolution
		Debug|Any CPU = Debug|Any CPU
		Release|Any CPU = Release|Any CPU
	EndGlobalSection
	GlobalSection(ProjectConfigurationPlatforms) = postSolution
		{F2A1103F-5375-4386-82C1-0A92BECF5963}.Debug|Any CPU.ActiveCfg = Debug|Any CPU
		{F2A1103F-5375-4386-82C1-0A92BECF5963}.Debug|Any CPU.Build.0 = Debug|Any CPU
		{F2A1103F-5375-4386-82C1-0A92BECF5963}.Release|Any CPU.ActiveCfg = Release|Any CPU
		{F2A1103F-5375-4386-82C1-0A92BECF5963}.Release|Any CPU.Build.0 = Release|Any CPU
		{E7B14B9A-1D1B-44D0-871C-0082B862B7DF}.Debug|Any CPU.ActiveCfg = Debug|Any CPU
		{E7B14B9A-1D1B-44D0-871C-0082B862B7DF}.Debug|Any CPU.Build.0 = Debug|Any CPU
		{E7B14B9A-1D1B-44D0-871C-0082B862B7DF}.Release|Any CPU.ActiveCfg = Release|Any CPU
		{E7B14B9A-1D1B-44D0-871C-0082B862B7DF}.Release|Any CPU.Build.0 = Release|Any CPU
		{B2F79316-989C-4D91-9AFB-607794CC7202}.Debug|Any CPU.ActiveCfg = Debug|Any CPU
		{B2F79316-989C-4D91-9AFB-607794CC7202}.Debug|Any CPU.Build.0 = Debug|Any CPU
		{B2F79316-989C-4D91-9AFB-607794CC7202}.Release|Any CPU.ActiveCfg = Release|Any CPU
		{B2F79316-989C-4D91-9AFB-607794CC7202}.Release|Any CPU.Build.0 = Release|Any CPU
		{2C6D2BEB-69F5-45A3-B504-68C1D1ADA5AE}.Debug|Any CPU.ActiveCfg = Debug|Any CPU
		{2C6D2BEB-69F5-45A3-B504-68C1D1ADA5AE}.Debug|Any CPU.Build.0 = Debug|Any CPU
		{2C6D2BEB-69F5-45A3-B504-68C1D1ADA5AE}.Release|Any CPU.ActiveCfg = Release|Any CPU
		{2C6D2BEB-69F5-45A3-B504-68C1D1ADA5AE}.Release|Any CPU.Build.0 = Release|Any CPU
	EndGlobalSection
	GlobalSection(SolutionProperties) = preSolution
		HideSolutionNode = FALSE
	EndGlobalSection
	GlobalSection(ExtensibilityGlobals) = postSolution
		SolutionGuid = {FE54B70A-63D0-4017-B1AF-F0DEAC0D0D74}
	EndGlobalSection
EndGlobal
